
Microsoft Visual Studio Solution File, Format Version 12.00
# Visual Studio 15
VisualStudioVersion = 15.0.28307.1267
MinimumVisualStudioVersion = 10.0.40219.1
Project("{8BC9CEB8-8B4A-11D0-8D11-00A0C91BC942}") = "counter-test", "counter-test\counter-test.vcxproj", "{A7BC33A0-EAF4-4E63-80A1-E2F031716A62}"
EndProject
Project("{8BC9CEB8-8B4A-11D0-8D11-00A0C91BC942}") = "target-project", "target-project\target-project.vcxproj", "{84327654-CC51-43D1-BA0B-E92C00CD566D}"
EndProject
Global
	GlobalSection(SolutionConfigurationPlatforms) = preSolution
		Debug|x64 = Debug|x64
		Release|x64 = Release|x64
	EndGlobalSection
	GlobalSection(ProjectConfigurationPlatforms) = postSolution
		{A7BC33A0-EAF4-4E63-80A1-E2F031716A62}.Debug|x64.ActiveCfg = Debug|x64
		{A7BC33A0-EAF4-4E63-80A1-E2F031716A62}.Debug|x64.Build.0 = Debug|x64
		{A7BC33A0-EAF4-4E63-80A1-E2F031716A62}.Release|x64.ActiveCfg = Release|x64
		{A7BC33A0-EAF4-4E63-80A1-E2F031716A62}.Release|x64.Build.0 = Release|x64
		{84327654-CC51-43D1-BA0B-E92C00CD566D}.Debug|x64.ActiveCfg = Debug|x64
		{84327654-CC51-43D1-BA0B-E92C00CD566D}.Debug|x64.Build.0 = Debug|x64
		{84327654-CC51-43D1-BA0B-E92C00CD566D}.Release|x64.ActiveCfg = Release|x64
		{84327654-CC51-43D1-BA0B-E92C00CD566D}.Release|x64.Build.0 = Release|x64
	EndGlobalSection
	GlobalSection(SolutionProperties) = preSolution
		HideSolutionNode = FALSE
	EndGlobalSection
	GlobalSection(ExtensibilityGlobals) = postSolution
		SolutionGuid = {A5E80BBE-4DF5-4B38-A673-0753F1546CEA}
	EndGlobalSection
EndGlobal
